
Microsoft Visual Studio Solution File, Format Version 12.00
# Visual Studio Version 17
VisualStudioVersion = 17.0.32112.339
MinimumVisualStudioVersion = 10.0.40219.1
Project("{FAE04EC0-301F-11D3-BF4B-00C04F79EFBC}") = "ProjekatRMA.Android", "ProjekatRMA\ProjekatRMA.Android\ProjekatRMA.Android.csproj", "{C4DDF65B-23AE-49AA-84AE-2243C71434C1}"
EndProject
Project("{FAE04EC0-301F-11D3-BF4B-00C04F79EFBC}") = "ProjekatRMA.iOS", "ProjekatRMA\ProjekatRMA.iOS\ProjekatRMA.iOS.csproj", "{242FAB35-305C-4055-8833-EA78B437C9D2}"
EndProject
Project("{FAE04EC0-301F-11D3-BF4B-00C04F79EFBC}") = "ProjekatRMA", "ProjekatRMA\ProjekatRMA\ProjekatRMA.csproj", "{B40990A8-2197-43DB-8996-ED57B80C99B0}"
EndProject
Global
	GlobalSection(SolutionConfigurationPlatforms) = preSolution
		Debug|Any CPU = Debug|Any CPU
		Debug|iPhone = Debug|iPhone
		Debug|iPhoneSimulator = Debug|iPhoneSimulator
		Release|Any CPU = Release|Any CPU
		Release|iPhone = Release|iPhone
		Release|iPhoneSimulator = Release|iPhoneSimulator
	EndGlobalSection
	GlobalSection(ProjectConfigurationPlatforms) = postSolution
		{C4DDF65B-23AE-49AA-84AE-2243C71434C1}.Debug|Any CPU.ActiveCfg = Debug|Any CPU
		{C4DDF65B-23AE-49AA-84AE-2243C71434C1}.Debug|Any CPU.Build.0 = Debug|Any CPU
		{C4DDF65B-23AE-49AA-84AE-2243C71434C1}.Debug|Any CPU.Deploy.0 = Debug|Any CPU
		{C4DDF65B-23AE-49AA-84AE-2243C71434C1}.Debug|iPhone.ActiveCfg = Debug|Any CPU
		{C4DDF65B-23AE-49AA-84AE-2243C71434C1}.Debug|iPhone.Build.0 = Debug|Any CPU
		{C4DDF65B-23AE-49AA-84AE-2243C71434C1}.Debug|iPhone.Deploy.0 = Debug|Any CPU
		{C4DDF65B-23AE-49AA-84AE-2243C71434C1}.Debug|iPhoneSimulator.ActiveCfg = Debug|Any CPU
		{C4DDF65B-23AE-49AA-84AE-2243C71434C1}.Debug|iPhoneSimulator.Build.0 = Debug|Any CPU
		{C4DDF65B-23AE-49AA-84AE-2243C71434C1}.Debug|iPhoneSimulator.Deploy.0 = Debug|Any CPU
		{C4DDF65B-23AE-49AA-84AE-2243C71434C1}.Release|Any CPU.ActiveCfg = Release|Any CPU
		{C4DDF65B-23AE-49AA-84AE-2243C71434C1}.Release|Any CPU.Build.0 = Release|Any CPU
		{C4DDF65B-23AE-49AA-84AE-2243C71434C1}.Release|Any CPU.Deploy.0 = Release|Any CPU
		{C4DDF65B-23AE-49AA-84AE-2243C71434C1}.Release|iPhone.ActiveCfg = Release|Any CPU
		{C4DDF65B-23AE-49AA-84AE-2243C71434C1}.Release|iPhone.Build.0 = Release|Any CPU
		{C4DDF65B-23AE-49AA-84AE-2243C71434C1}.Release|iPhone.Deploy.0 = Release|Any CPU
		{C4DDF65B-23AE-49AA-84AE-2243C71434C1}.Release|iPhoneSimulator.ActiveCfg = Release|Any CPU
		{C4DDF65B-23AE-49AA-84AE-2243C71434C1}.Release|iPhoneSimulator.Build.0 = Release|Any CPU
		{C4DDF65B-23AE-49AA-84AE-2243C71434C1}.Release|iPhoneSimulator.Deploy.0 = Release|Any CPU
		{242FAB35-305C-4055-8833-EA78B437C9D2}.Debug|Any CPU.ActiveCfg = Debug|iPhone
		{242FAB35-305C-4055-8833-EA78B437C9D2}.Debug|Any CPU.Build.0 = Debug|iPhone
		{242FAB35-305C-4055-8833-EA78B437C9D2}.Debug|Any CPU.Deploy.0 = Debug|iPhone
		{242FAB35-305C-4055-8833-EA78B437C9D2}.Debug|iPhone.ActiveCfg = Debug|iPhone
		{242FAB35-305C-4055-8833-EA78B437C9D2}.Debug|iPhone.Build.0 = Debug|iPhone
		{242FAB35-305C-4055-8833-EA78B437C9D2}.Debug|iPhone.Deploy.0 = Debug|iPhone
		{242FAB35-305C-4055-8833-EA78B437C9D2}.Debug|iPhoneSimulator.ActiveCfg = Debug|iPhoneSimulator
		{242FAB35-305C-4055-8833-EA78B437C9D2}.Debug|iPhoneSimulator.Build.0 = Debug|iPhoneSimulator
		{242FAB35-305C-4055-8833-EA78B437C9D2}.Debug|iPhoneSimulator.Deploy.0 = Debug|iPhoneSimulator
		{242FAB35-305C-4055-8833-EA78B437C9D2}.Release|Any CPU.ActiveCfg = Release|iPhoneSimulator
		{242FAB35-305C-4055-8833-EA78B437C9D2}.Release|Any CPU.Build.0 = Release|iPhoneSimulator
		{242FAB35-305C-4055-8833-EA78B437C9D2}.Release|Any CPU.Deploy.0 = Release|iPhoneSimulator
		{242FAB35-305C-4055-8833-EA78B437C9D2}.Release|iPhone.ActiveCfg = Release|iPhone
		{242FAB35-305C-4055-8833-EA78B437C9D2}.Release|iPhone.Build.0 = Release|iPhone
		{242FAB35-305C-4055-8833-EA78B437C9D2}.Release|iPhone.Deploy.0 = Release|iPhone
		{242FAB35-305C-4055-8833-EA78B437C9D2}.Release|iPhoneSimulator.ActiveCfg = Release|iPhoneSimulator
		{242FAB35-305C-4055-8833-EA78B437C9D2}.Release|iPhoneSimulator.Build.0 = Release|iPhoneSimulator
		{242FAB35-305C-4055-8833-EA78B437C9D2}.Release|iPhoneSimulator.Deploy.0 = Release|iPhoneSimulator
		{B40990A8-2197-43DB-8996-ED57B80C99B0}.Debug|Any CPU.ActiveCfg = Debug|Any CPU
		{B40990A8-2197-43DB-8996-ED57B80C99B0}.Debug|Any CPU.Build.0 = Debug|Any CPU
		{B40990A8-2197-43DB-8996-ED57B80C99B0}.Debug|Any CPU.Deploy.0 = Debug|Any CPU
		{B40990A8-2197-43DB-8996-ED57B80C99B0}.Debug|iPhone.ActiveCfg = Debug|Any CPU
		{B40990A8-2197-43DB-8996-ED57B80C99B0}.Debug|iPhone.Build.0 = Debug|Any CPU
		{B40990A8-2197-43DB-8996-ED57B80C99B0}.Debug|iPhone.Deploy.0 = Debug|Any CPU
		{B40990A8-2197-43DB-8996-ED57B80C99B0}.Debug|iPhoneSimulator.ActiveCfg = Debug|Any CPU
		{B40990A8-2197-43DB-8996-ED57B80C99B0}.Debug|iPhoneSimulator.Build.0 = Debug|Any CPU
		{B40990A8-2197-43DB-8996-ED57B80C99B0}.Debug|iPhoneSimulator.Deploy.0 = Debug|Any CPU
		{B40990A8-2197-43DB-8996-ED57B80C99B0}.Release|Any CPU.ActiveCfg = Release|Any CPU
		{B40990A8-2197-43DB-8996-ED57B80C99B0}.Release|Any CPU.Build.0 = Release|Any CPU
		{B40990A8-2197-43DB-8996-ED57B80C99B0}.Release|Any CPU.Deploy.0 = Release|Any CPU
		{B40990A8-2197-43DB-8996-ED57B80C99B0}.Release|iPhone.ActiveCfg = Release|Any CPU
		{B40990A8-2197-43DB-8996-ED57B80C99B0}.Release|iPhone.Build.0 = Release|Any CPU
		{B40990A8-2197-43DB-8996-ED57B80C99B0}.Release|iPhone.Deploy.0 = Release|Any CPU
		{B40990A8-2197-43DB-8996-ED57B80C99B0}.Release|iPhoneSimulator.ActiveCfg = Release|Any CPU
		{B40990A8-2197-43DB-8996-ED57B80C99B0}.Release|iPhoneSimulator.Build.0 = Release|Any CPU
		{B40990A8-2197-43DB-8996-ED57B80C99B0}.Release|iPhoneSimulator.Deploy.0 = Release|Any CPU
	EndGlobalSection
	GlobalSection(SolutionProperties) = preSolution
		HideSolutionNode = FALSE
	EndGlobalSection
	GlobalSection(ExtensibilityGlobals) = postSolution
		SolutionGuid = {55659ADB-F3AA-4C4F-970A-3BF35EBB601F}
	EndGlobalSection
EndGlobal
